// !$*UTF8*$!
{
	archiveVersion = 1;
	classes = {
	};
	objectVersion = 52;
	objects = {

/* Begin PBXBuildFile section */
		03012A982547659A00DD9D64 /* Fashion Fetish Bold.ttf in Resources */ = {isa = PBXBuildFile; fileRef = 032FC03025423D3C006596A6 /* Fashion Fetish Bold.ttf */; };
		03012A9C2547659D00DD9D64 /* FashionFetish-Regular.ttf in Resources */ = {isa = PBXBuildFile; fileRef = 03538DBB2541CA1C00FCAD06 /* FashionFetish-Regular.ttf */; };
		03012AA0254765A000DD9D64 /* tabac big sans semibold italic.ttf in Resources */ = {isa = PBXBuildFile; fileRef = 0376A42725447EB900A74D92 /* tabac big sans semibold italic.ttf */; };
		03012AA52547668100DD9D64 /* EventItem.swift in Sources */ = {isa = PBXBuildFile; fileRef = 03012AA42547668100DD9D64 /* EventItem.swift */; };
		03012AAA254772C700DD9D64 /* Event.swift in Sources */ = {isa = PBXBuildFile; fileRef = 03012AA9254772C700DD9D64 /* Event.swift */; };
		03012AAF254888B900DD9D64 /* EventViewModel.swift in Sources */ = {isa = PBXBuildFile; fileRef = 03012AAE254888B900DD9D64 /* EventViewModel.swift */; };
		0302A196253AF008005F48AD /* Launch Screen.storyboard in Resources */ = {isa = PBXBuildFile; fileRef = 0302A195253AF008005F48AD /* Launch Screen.storyboard */; };
		0314D94525506DE90017F09C /* ProfilTopShape.swift in Sources */ = {isa = PBXBuildFile; fileRef = 0314D94425506DE90017F09C /* ProfilTopShape.swift */; };
		0314D9592551C76D0017F09C /* FashionFetish-Outline.ttf in Resources */ = {isa = PBXBuildFile; fileRef = 0314D9582551C76D0017F09C /* FashionFetish-Outline.ttf */; };
		0314D9622551C8B50017F09C /* TitleCustom.swift in Sources */ = {isa = PBXBuildFile; fileRef = 0314D9612551C8B50017F09C /* TitleCustom.swift */; };
		0314D96D2551EAC50017F09C /* UserInfoView.swift in Sources */ = {isa = PBXBuildFile; fileRef = 0314D96C2551EAC40017F09C /* UserInfoView.swift */; };
		0314D9722551EE1B0017F09C /* LineShape.swift in Sources */ = {isa = PBXBuildFile; fileRef = 0314D9712551EE1B0017F09C /* LineShape.swift */; };
		0314D9772551F1340017F09C /* UserInfoItem.swift in Sources */ = {isa = PBXBuildFile; fileRef = 0314D9762551F1340017F09C /* UserInfoItem.swift */; };
		036A2BE525503BCB0057B1C9 /* Colors.xcassets in Resources */ = {isa = PBXBuildFile; fileRef = 036A2BE425503BCB0057B1C9 /* Colors.xcassets */; };
		036A2BF125503D010057B1C9 /* ColorExtension.swift in Sources */ = {isa = PBXBuildFile; fileRef = 036A2BF025503D010057B1C9 /* ColorExtension.swift */; };
		0376A3FF25445CA600A74D92 /* MainView.swift in Sources */ = {isa = PBXBuildFile; fileRef = 0376A3FE25445CA600A74D92 /* MainView.swift */; };
		0376A4232544688300A74D92 /* BottomTabBarModalItem.swift in Sources */ = {isa = PBXBuildFile; fileRef = 0376A4222544688300A74D92 /* BottomTabBarModalItem.swift */; };
		037C6FB72551F38500678CF2 /* TitleWithoutPaddingCustom.swift in Sources */ = {isa = PBXBuildFile; fileRef = 037C6FB62551F38500678CF2 /* TitleWithoutPaddingCustom.swift */; };
		038636A0253F361000CB2A05 /* onBoardingView.swift in Sources */ = {isa = PBXBuildFile; fileRef = 0386369F253F361000CB2A05 /* onBoardingView.swift */; };
		038636B2253F3E8400CB2A05 /* OnBoardingViewModel.swift in Sources */ = {isa = PBXBuildFile; fileRef = 038636B1253F3E8400CB2A05 /* OnBoardingViewModel.swift */; };
		03A8E33A2541BA7C00B02210 /* EventView.swift in Sources */ = {isa = PBXBuildFile; fileRef = 03A8E3392541BA7C00B02210 /* EventView.swift */; };
		03A8E33F2541BA8E00B02210 /* ProfilView.swift in Sources */ = {isa = PBXBuildFile; fileRef = 03A8E33E2541BA8E00B02210 /* ProfilView.swift */; };
		03A8E3452541BAD300B02210 /* ContactsView.swift in Sources */ = {isa = PBXBuildFile; fileRef = 03A8E3442541BAD300B02210 /* ContactsView.swift */; };
		03AD8E222538BA9E009B6435 /* SnapKit in Frameworks */ = {isa = PBXBuildFile; productRef = 03AD8E212538BA9E009B6435 /* SnapKit */; };
		03C54BDD252F37D10014FF4E /* AppDelegate.swift in Sources */ = {isa = PBXBuildFile; fileRef = 03C54BDC252F37D10014FF4E /* AppDelegate.swift */; };
		03C54BDF252F37D10014FF4E /* SceneDelegate.swift in Sources */ = {isa = PBXBuildFile; fileRef = 03C54BDE252F37D10014FF4E /* SceneDelegate.swift */; };
		03C54BE6252F37D30014FF4E /* Assets.xcassets in Resources */ = {isa = PBXBuildFile; fileRef = 03C54BE5252F37D30014FF4E /* Assets.xcassets */; };
		03C54BF4252F37D30014FF4E /* App_BDE_iOSTests.swift in Sources */ = {isa = PBXBuildFile; fileRef = 03C54BF3252F37D30014FF4E /* App_BDE_iOSTests.swift */; };
		03C54BFF252F37D30014FF4E /* App_BDE_iOSUITests.swift in Sources */ = {isa = PBXBuildFile; fileRef = 03C54BFE252F37D30014FF4E /* App_BDE_iOSUITests.swift */; };
		03FC5FA3254DFF6D00F8BF94 /* EventCardInformationsContainerShape.swift in Sources */ = {isa = PBXBuildFile; fileRef = 03FC5FA2254DFF6D00F8BF94 /* EventCardInformationsContainerShape.swift */; };
/* End PBXBuildFile section */

/* Begin PBXContainerItemProxy section */
		03C54BF0252F37D30014FF4E /* PBXContainerItemProxy */ = {
			isa = PBXContainerItemProxy;
			containerPortal = 03C54BD1252F37D10014FF4E /* Project object */;
			proxyType = 1;
			remoteGlobalIDString = 03C54BD8252F37D10014FF4E;
			remoteInfo = "App-BDE-iOS";
		};
		03C54BFB252F37D30014FF4E /* PBXContainerItemProxy */ = {
			isa = PBXContainerItemProxy;
			containerPortal = 03C54BD1252F37D10014FF4E /* Project object */;
			proxyType = 1;
			remoteGlobalIDString = 03C54BD8252F37D10014FF4E;
			remoteInfo = "App-BDE-iOS";
		};
/* End PBXContainerItemProxy section */

/* Begin PBXFileReference section */
		03012AA42547668100DD9D64 /* EventItem.swift */ = {isa = PBXFileReference; lastKnownFileType = sourcecode.swift; path = EventItem.swift; sourceTree = "<group>"; };
		03012AA9254772C700DD9D64 /* Event.swift */ = {isa = PBXFileReference; lastKnownFileType = sourcecode.swift; path = Event.swift; sourceTree = "<group>"; };
		03012AAE254888B900DD9D64 /* EventViewModel.swift */ = {isa = PBXFileReference; lastKnownFileType = sourcecode.swift; path = EventViewModel.swift; sourceTree = "<group>"; };
		0302A195253AF008005F48AD /* Launch Screen.storyboard */ = {isa = PBXFileReference; lastKnownFileType = file.storyboard; path = "Launch Screen.storyboard"; sourceTree = "<group>"; };
		0314D94425506DE90017F09C /* ProfilTopShape.swift */ = {isa = PBXFileReference; fileEncoding = 4; lastKnownFileType = sourcecode.swift; path = ProfilTopShape.swift; sourceTree = "<group>"; };
		0314D9582551C76D0017F09C /* FashionFetish-Outline.ttf */ = {isa = PBXFileReference; lastKnownFileType = file; path = "FashionFetish-Outline.ttf"; sourceTree = "<group>"; };
		0314D9612551C8B50017F09C /* TitleCustom.swift */ = {isa = PBXFileReference; lastKnownFileType = sourcecode.swift; path = TitleCustom.swift; sourceTree = "<group>"; };
		0314D96C2551EAC40017F09C /* UserInfoView.swift */ = {isa = PBXFileReference; lastKnownFileType = sourcecode.swift; path = UserInfoView.swift; sourceTree = "<group>"; };
		0314D9712551EE1B0017F09C /* LineShape.swift */ = {isa = PBXFileReference; lastKnownFileType = sourcecode.swift; path = LineShape.swift; sourceTree = "<group>"; };
		0314D9762551F1340017F09C /* UserInfoItem.swift */ = {isa = PBXFileReference; lastKnownFileType = sourcecode.swift; path = UserInfoItem.swift; sourceTree = "<group>"; };
		032FC03025423D3C006596A6 /* Fashion Fetish Bold.ttf */ = {isa = PBXFileReference; lastKnownFileType = file; path = "Fashion Fetish Bold.ttf"; sourceTree = "<group>"; };
		03538DBB2541CA1C00FCAD06 /* FashionFetish-Regular.ttf */ = {isa = PBXFileReference; lastKnownFileType = file; path = "FashionFetish-Regular.ttf"; sourceTree = "<group>"; };
		036A2BE425503BCB0057B1C9 /* Colors.xcassets */ = {isa = PBXFileReference; lastKnownFileType = folder.assetcatalog; path = Colors.xcassets; sourceTree = "<group>"; };
		036A2BF025503D010057B1C9 /* ColorExtension.swift */ = {isa = PBXFileReference; lastKnownFileType = sourcecode.swift; path = ColorExtension.swift; sourceTree = "<group>"; };
		0376A3FE25445CA600A74D92 /* MainView.swift */ = {isa = PBXFileReference; lastKnownFileType = sourcecode.swift; path = MainView.swift; sourceTree = "<group>"; };
		0376A4222544688300A74D92 /* BottomTabBarModalItem.swift */ = {isa = PBXFileReference; lastKnownFileType = sourcecode.swift; path = BottomTabBarModalItem.swift; sourceTree = "<group>"; };
		0376A42725447EB900A74D92 /* tabac big sans semibold italic.ttf */ = {isa = PBXFileReference; lastKnownFileType = file; path = "tabac big sans semibold italic.ttf"; sourceTree = "<group>"; };
		037C6FB62551F38500678CF2 /* TitleWithoutPaddingCustom.swift */ = {isa = PBXFileReference; lastKnownFileType = sourcecode.swift; path = TitleWithoutPaddingCustom.swift; sourceTree = "<group>"; };
		0386369F253F361000CB2A05 /* onBoardingView.swift */ = {isa = PBXFileReference; lastKnownFileType = sourcecode.swift; path = onBoardingView.swift; sourceTree = "<group>"; };
		038636B1253F3E8400CB2A05 /* OnBoardingViewModel.swift */ = {isa = PBXFileReference; lastKnownFileType = sourcecode.swift; path = OnBoardingViewModel.swift; sourceTree = "<group>"; };
		03A8E3392541BA7C00B02210 /* EventView.swift */ = {isa = PBXFileReference; lastKnownFileType = sourcecode.swift; path = EventView.swift; sourceTree = "<group>"; };
		03A8E33E2541BA8E00B02210 /* ProfilView.swift */ = {isa = PBXFileReference; lastKnownFileType = sourcecode.swift; path = ProfilView.swift; sourceTree = "<group>"; };
		03A8E3442541BAD300B02210 /* ContactsView.swift */ = {isa = PBXFileReference; lastKnownFileType = sourcecode.swift; path = ContactsView.swift; sourceTree = "<group>"; };
		03C54BD9252F37D10014FF4E /* App-BDE-iOS.app */ = {isa = PBXFileReference; explicitFileType = wrapper.application; includeInIndex = 0; path = "App-BDE-iOS.app"; sourceTree = BUILT_PRODUCTS_DIR; };
		03C54BDC252F37D10014FF4E /* AppDelegate.swift */ = {isa = PBXFileReference; lastKnownFileType = sourcecode.swift; path = AppDelegate.swift; sourceTree = "<group>"; };
		03C54BDE252F37D10014FF4E /* SceneDelegate.swift */ = {isa = PBXFileReference; lastKnownFileType = sourcecode.swift; path = SceneDelegate.swift; sourceTree = "<group>"; };
		03C54BE5252F37D30014FF4E /* Assets.xcassets */ = {isa = PBXFileReference; lastKnownFileType = folder.assetcatalog; path = Assets.xcassets; sourceTree = "<group>"; };
		03C54BEA252F37D30014FF4E /* Info.plist */ = {isa = PBXFileReference; lastKnownFileType = text.plist.xml; path = Info.plist; sourceTree = "<group>"; };
		03C54BEF252F37D30014FF4E /* App-BDE-iOSTests.xctest */ = {isa = PBXFileReference; explicitFileType = wrapper.cfbundle; includeInIndex = 0; path = "App-BDE-iOSTests.xctest"; sourceTree = BUILT_PRODUCTS_DIR; };
		03C54BF3252F37D30014FF4E /* App_BDE_iOSTests.swift */ = {isa = PBXFileReference; lastKnownFileType = sourcecode.swift; path = App_BDE_iOSTests.swift; sourceTree = "<group>"; };
		03C54BF5252F37D30014FF4E /* Info.plist */ = {isa = PBXFileReference; lastKnownFileType = text.plist.xml; path = Info.plist; sourceTree = "<group>"; };
		03C54BFA252F37D30014FF4E /* App-BDE-iOSUITests.xctest */ = {isa = PBXFileReference; explicitFileType = wrapper.cfbundle; includeInIndex = 0; path = "App-BDE-iOSUITests.xctest"; sourceTree = BUILT_PRODUCTS_DIR; };
		03C54BFE252F37D30014FF4E /* App_BDE_iOSUITests.swift */ = {isa = PBXFileReference; lastKnownFileType = sourcecode.swift; path = App_BDE_iOSUITests.swift; sourceTree = "<group>"; };
		03C54C00252F37D30014FF4E /* Info.plist */ = {isa = PBXFileReference; lastKnownFileType = text.plist.xml; path = Info.plist; sourceTree = "<group>"; };
		03FC5FA2254DFF6D00F8BF94 /* EventCardInformationsContainerShape.swift */ = {isa = PBXFileReference; lastKnownFileType = sourcecode.swift; path = EventCardInformationsContainerShape.swift; sourceTree = "<group>"; };
/* End PBXFileReference section */

/* Begin PBXFrameworksBuildPhase section */
		03C54BD6252F37D10014FF4E /* Frameworks */ = {
			isa = PBXFrameworksBuildPhase;
			buildActionMask = 2147483647;
			files = (
				03AD8E222538BA9E009B6435 /* SnapKit in Frameworks */,
			);
			runOnlyForDeploymentPostprocessing = 0;
		};
		03C54BEC252F37D30014FF4E /* Frameworks */ = {
			isa = PBXFrameworksBuildPhase;
			buildActionMask = 2147483647;
			files = (
			);
			runOnlyForDeploymentPostprocessing = 0;
		};
		03C54BF7252F37D30014FF4E /* Frameworks */ = {
			isa = PBXFrameworksBuildPhase;
			buildActionMask = 2147483647;
			files = (
			);
			runOnlyForDeploymentPostprocessing = 0;
		};
/* End PBXFrameworksBuildPhase section */

/* Begin PBXGroup section */
		0314D9602551C89F0017F09C /* Commons */ = {
			isa = PBXGroup;
			children = (
				0314D9612551C8B50017F09C /* TitleCustom.swift */,
				037C6FB62551F38500678CF2 /* TitleWithoutPaddingCustom.swift */,
			);
			path = Commons;
			sourceTree = "<group>";
		};
		03538DBA2541CA0F00FCAD06 /* Fonts */ = {
			isa = PBXGroup;
			children = (
				0314D9582551C76D0017F09C /* FashionFetish-Outline.ttf */,
				0376A42725447EB900A74D92 /* tabac big sans semibold italic.ttf */,
				032FC03025423D3C006596A6 /* Fashion Fetish Bold.ttf */,
				03538DBB2541CA1C00FCAD06 /* FashionFetish-Regular.ttf */,
			);
			path = Fonts;
			sourceTree = "<group>";
		};
		03559E57253735DE0059F1F0 /* Screens */ = {
			isa = PBXGroup;
			children = (
				0314D9602551C89F0017F09C /* Commons */,
				03FC5FA1254DFF4600F8BF94 /* Shapes */,
				03A8E3432541BAB400B02210 /* Contacts */,
				03A8E3352541BA5400B02210 /* Profil */,
				03A8E3342541BA4100B02210 /* Events */,
				03A8E32E2541B95000B02210 /* BottomTabBar */,
				038636AD253F3DE700CB2A05 /* OnBoarding */,
				0376A3FE25445CA600A74D92 /* MainView.swift */,
			);
			path = Screens;
			sourceTree = "<group>";
		};
		03559E58253735E80059F1F0 /* Models */ = {
			isa = PBXGroup;
			children = (
				03012AA9254772C700DD9D64 /* Event.swift */,
			);
			path = Models;
			sourceTree = "<group>";
		};
		03559E59253735EE0059F1F0 /* Services */ = {
			isa = PBXGroup;
			children = (
			);
			path = Services;
			sourceTree = "<group>";
		};
		03559E5D25373FE60059F1F0 /* Application */ = {
			isa = PBXGroup;
			children = (
				03C54BDC252F37D10014FF4E /* AppDelegate.swift */,
				03C54BDE252F37D10014FF4E /* SceneDelegate.swift */,
				03559E5E25373FF00059F1F0 /* Supporting Files */,
			);
			path = Application;
			sourceTree = "<group>";
		};
		03559E5E25373FF00059F1F0 /* Supporting Files */ = {
			isa = PBXGroup;
			children = (
				036A2BEE25503CC00057B1C9 /* Colors */,
				03C54BE5252F37D30014FF4E /* Assets.xcassets */,
				03C54BEA252F37D30014FF4E /* Info.plist */,
				0302A195253AF008005F48AD /* Launch Screen.storyboard */,
			);
			path = "Supporting Files";
			sourceTree = "<group>";
		};
		03559E5F253740360059F1F0 /* Additions */ = {
			isa = PBXGroup;
			children = (
				03559E60253740420059F1F0 /* Extensions */,
			);
			path = Additions;
			sourceTree = "<group>";
		};
		03559E60253740420059F1F0 /* Extensions */ = {
			isa = PBXGroup;
			children = (
				036A2BF025503D010057B1C9 /* ColorExtension.swift */,
			);
			path = Extensions;
			sourceTree = "<group>";
		};
		036A2BEE25503CC00057B1C9 /* Colors */ = {
			isa = PBXGroup;
			children = (
				036A2BE425503BCB0057B1C9 /* Colors.xcassets */,
				03538DBA2541CA0F00FCAD06 /* Fonts */,
			);
			path = Colors;
			sourceTree = "<group>";
		};
		038636AD253F3DE700CB2A05 /* OnBoarding */ = {
			isa = PBXGroup;
			children = (
				0386369F253F361000CB2A05 /* onBoardingView.swift */,
				038636B1253F3E8400CB2A05 /* OnBoardingViewModel.swift */,
			);
			path = OnBoarding;
			sourceTree = "<group>";
		};
		03A8E32E2541B95000B02210 /* BottomTabBar */ = {
			isa = PBXGroup;
			children = (
				0376A4222544688300A74D92 /* BottomTabBarModalItem.swift */,
			);
			path = BottomTabBar;
			sourceTree = "<group>";
		};
		03A8E3342541BA4100B02210 /* Events */ = {
			isa = PBXGroup;
			children = (
				03A8E3392541BA7C00B02210 /* EventView.swift */,
				03012AA42547668100DD9D64 /* EventItem.swift */,
				03012AAE254888B900DD9D64 /* EventViewModel.swift */,
			);
			path = Events;
			sourceTree = "<group>";
		};
		03A8E3352541BA5400B02210 /* Profil */ = {
			isa = PBXGroup;
			children = (
				0314D96C2551EAC40017F09C /* UserInfoView.swift */,
				03A8E33E2541BA8E00B02210 /* ProfilView.swift */,
				0314D9762551F1340017F09C /* UserInfoItem.swift */,
			);
			path = Profil;
			sourceTree = "<group>";
		};
		03A8E3432541BAB400B02210 /* Contacts */ = {
			isa = PBXGroup;
			children = (
				03A8E3442541BAD300B02210 /* ContactsView.swift */,
			);
			path = Contacts;
			sourceTree = "<group>";
		};
		03C54BD0252F37D10014FF4E = {
			isa = PBXGroup;
			children = (
				03C54BDB252F37D10014FF4E /* App-BDE-iOS */,
				03C54BF2252F37D30014FF4E /* App-BDE-iOSTests */,
				03C54BFD252F37D30014FF4E /* App-BDE-iOSUITests */,
				03C54BDA252F37D10014FF4E /* Products */,
			);
			sourceTree = "<group>";
		};
		03C54BDA252F37D10014FF4E /* Products */ = {
			isa = PBXGroup;
			children = (
				03C54BD9252F37D10014FF4E /* App-BDE-iOS.app */,
				03C54BEF252F37D30014FF4E /* App-BDE-iOSTests.xctest */,
				03C54BFA252F37D30014FF4E /* App-BDE-iOSUITests.xctest */,
			);
			name = Products;
			sourceTree = "<group>";
		};
		03C54BDB252F37D10014FF4E /* App-BDE-iOS */ = {
			isa = PBXGroup;
			children = (
				03559E5F253740360059F1F0 /* Additions */,
				03559E5D25373FE60059F1F0 /* Application */,
				03559E59253735EE0059F1F0 /* Services */,
				03559E58253735E80059F1F0 /* Models */,
				03559E57253735DE0059F1F0 /* Screens */,
			);
			path = "App-BDE-iOS";
			sourceTree = "<group>";
		};
		03C54BF2252F37D30014FF4E /* App-BDE-iOSTests */ = {
			isa = PBXGroup;
			children = (
				03C54BF3252F37D30014FF4E /* App_BDE_iOSTests.swift */,
				03C54BF5252F37D30014FF4E /* Info.plist */,
			);
			path = "App-BDE-iOSTests";
			sourceTree = "<group>";
		};
		03C54BFD252F37D30014FF4E /* App-BDE-iOSUITests */ = {
			isa = PBXGroup;
			children = (
				03C54BFE252F37D30014FF4E /* App_BDE_iOSUITests.swift */,
				03C54C00252F37D30014FF4E /* Info.plist */,
			);
			path = "App-BDE-iOSUITests";
			sourceTree = "<group>";
		};
		03FC5FA1254DFF4600F8BF94 /* Shapes */ = {
			isa = PBXGroup;
			children = (
				0314D94425506DE90017F09C /* ProfilTopShape.swift */,
				03FC5FA2254DFF6D00F8BF94 /* EventCardInformationsContainerShape.swift */,
				0314D9712551EE1B0017F09C /* LineShape.swift */,
			);
			path = Shapes;
			sourceTree = "<group>";
		};
/* End PBXGroup section */

/* Begin PBXNativeTarget section */
		03C54BD8252F37D10014FF4E /* App-BDE-iOS */ = {
			isa = PBXNativeTarget;
			buildConfigurationList = 03C54C03252F37D30014FF4E /* Build configuration list for PBXNativeTarget "App-BDE-iOS" */;
			buildPhases = (
				03C54BD5252F37D10014FF4E /* Sources */,
				03C54BD6252F37D10014FF4E /* Frameworks */,
				03C54BD7252F37D10014FF4E /* Resources */,
			);
			buildRules = (
			);
			dependencies = (
			);
			name = "App-BDE-iOS";
			packageProductDependencies = (
				03AD8E212538BA9E009B6435 /* SnapKit */,
			);
			productName = "App-BDE-iOS";
			productReference = 03C54BD9252F37D10014FF4E /* App-BDE-iOS.app */;
			productType = "com.apple.product-type.application";
		};
		03C54BEE252F37D30014FF4E /* App-BDE-iOSTests */ = {
			isa = PBXNativeTarget;
			buildConfigurationList = 03C54C06252F37D30014FF4E /* Build configuration list for PBXNativeTarget "App-BDE-iOSTests" */;
			buildPhases = (
				03C54BEB252F37D30014FF4E /* Sources */,
				03C54BEC252F37D30014FF4E /* Frameworks */,
				03C54BED252F37D30014FF4E /* Resources */,
			);
			buildRules = (
			);
			dependencies = (
				03C54BF1252F37D30014FF4E /* PBXTargetDependency */,
			);
			name = "App-BDE-iOSTests";
			productName = "App-BDE-iOSTests";
			productReference = 03C54BEF252F37D30014FF4E /* App-BDE-iOSTests.xctest */;
			productType = "com.apple.product-type.bundle.unit-test";
		};
		03C54BF9252F37D30014FF4E /* App-BDE-iOSUITests */ = {
			isa = PBXNativeTarget;
			buildConfigurationList = 03C54C09252F37D30014FF4E /* Build configuration list for PBXNativeTarget "App-BDE-iOSUITests" */;
			buildPhases = (
				03C54BF6252F37D30014FF4E /* Sources */,
				03C54BF7252F37D30014FF4E /* Frameworks */,
				03C54BF8252F37D30014FF4E /* Resources */,
			);
			buildRules = (
			);
			dependencies = (
				03C54BFC252F37D30014FF4E /* PBXTargetDependency */,
			);
			name = "App-BDE-iOSUITests";
			productName = "App-BDE-iOSUITests";
			productReference = 03C54BFA252F37D30014FF4E /* App-BDE-iOSUITests.xctest */;
			productType = "com.apple.product-type.bundle.ui-testing";
		};
/* End PBXNativeTarget section */

/* Begin PBXProject section */
		03C54BD1252F37D10014FF4E /* Project object */ = {
			isa = PBXProject;
			attributes = {
				LastSwiftUpdateCheck = 1200;
				LastUpgradeCheck = 1200;
				TargetAttributes = {
					03C54BD8252F37D10014FF4E = {
						CreatedOnToolsVersion = 12.0.1;
					};
					03C54BEE252F37D30014FF4E = {
						CreatedOnToolsVersion = 12.0.1;
						TestTargetID = 03C54BD8252F37D10014FF4E;
					};
					03C54BF9252F37D30014FF4E = {
						CreatedOnToolsVersion = 12.0.1;
						TestTargetID = 03C54BD8252F37D10014FF4E;
					};
				};
			};
			buildConfigurationList = 03C54BD4252F37D10014FF4E /* Build configuration list for PBXProject "App-BDE-iOS" */;
			compatibilityVersion = "Xcode 9.3";
			developmentRegion = en;
			hasScannedForEncodings = 0;
			knownRegions = (
				en,
				Base,
			);
			mainGroup = 03C54BD0252F37D10014FF4E;
			packageReferences = (
				03AD8E202538BA9E009B6435 /* XCRemoteSwiftPackageReference "SnapKit" */,
			);
			productRefGroup = 03C54BDA252F37D10014FF4E /* Products */;
			projectDirPath = "";
			projectRoot = "";
			targets = (
				03C54BD8252F37D10014FF4E /* App-BDE-iOS */,
				03C54BEE252F37D30014FF4E /* App-BDE-iOSTests */,
				03C54BF9252F37D30014FF4E /* App-BDE-iOSUITests */,
			);
		};
/* End PBXProject section */

/* Begin PBXResourcesBuildPhase section */
		03C54BD7252F37D10014FF4E /* Resources */ = {
			isa = PBXResourcesBuildPhase;
			buildActionMask = 2147483647;
			files = (
				0314D9592551C76D0017F09C /* FashionFetish-Outline.ttf in Resources */,
				03C54BE6252F37D30014FF4E /* Assets.xcassets in Resources */,
				03012AA0254765A000DD9D64 /* tabac big sans semibold italic.ttf in Resources */,
				03012A982547659A00DD9D64 /* Fashion Fetish Bold.ttf in Resources */,
				036A2BE525503BCB0057B1C9 /* Colors.xcassets in Resources */,
				0302A196253AF008005F48AD /* Launch Screen.storyboard in Resources */,
				03012A9C2547659D00DD9D64 /* FashionFetish-Regular.ttf in Resources */,
			);
			runOnlyForDeploymentPostprocessing = 0;
		};
		03C54BED252F37D30014FF4E /* Resources */ = {
			isa = PBXResourcesBuildPhase;
			buildActionMask = 2147483647;
			files = (
			);
			runOnlyForDeploymentPostprocessing = 0;
		};
		03C54BF8252F37D30014FF4E /* Resources */ = {
			isa = PBXResourcesBuildPhase;
			buildActionMask = 2147483647;
			files = (
			);
			runOnlyForDeploymentPostprocessing = 0;
		};
/* End PBXResourcesBuildPhase section */

/* Begin PBXSourcesBuildPhase section */
		03C54BD5252F37D10014FF4E /* Sources */ = {
			isa = PBXSourcesBuildPhase;
			buildActionMask = 2147483647;
			files = (
				03C54BDD252F37D10014FF4E /* AppDelegate.swift in Sources */,
				03A8E33F2541BA8E00B02210 /* ProfilView.swift in Sources */,
				037C6FB72551F38500678CF2 /* TitleWithoutPaddingCustom.swift in Sources */,
				03012AAA254772C700DD9D64 /* Event.swift in Sources */,
				0376A3FF25445CA600A74D92 /* MainView.swift in Sources */,
				038636A0253F361000CB2A05 /* onBoardingView.swift in Sources */,
				036A2BF125503D010057B1C9 /* ColorExtension.swift in Sources */,
				03C54BDF252F37D10014FF4E /* SceneDelegate.swift in Sources */,
				03FC5FA3254DFF6D00F8BF94 /* EventCardInformationsContainerShape.swift in Sources */,
				03A8E33A2541BA7C00B02210 /* EventView.swift in Sources */,
				0314D9622551C8B50017F09C /* TitleCustom.swift in Sources */,
				0376A4232544688300A74D92 /* BottomTabBarModalItem.swift in Sources */,
				038636B2253F3E8400CB2A05 /* OnBoardingViewModel.swift in Sources */,
				0314D94525506DE90017F09C /* ProfilTopShape.swift in Sources */,
				0314D9722551EE1B0017F09C /* LineShape.swift in Sources */,
				03012AAF254888B900DD9D64 /* EventViewModel.swift in Sources */,
				03A8E3452541BAD300B02210 /* ContactsView.swift in Sources */,
				0314D96D2551EAC50017F09C /* UserInfoView.swift in Sources */,
				0314D9772551F1340017F09C /* UserInfoItem.swift in Sources */,
				03012AA52547668100DD9D64 /* EventItem.swift in Sources */,
			);
			runOnlyForDeploymentPostprocessing = 0;
		};
		03C54BEB252F37D30014FF4E /* Sources */ = {
			isa = PBXSourcesBuildPhase;
			buildActionMask = 2147483647;
			files = (
				03C54BF4252F37D30014FF4E /* App_BDE_iOSTests.swift in Sources */,
			);
			runOnlyForDeploymentPostprocessing = 0;
		};
		03C54BF6252F37D30014FF4E /* Sources */ = {
			isa = PBXSourcesBuildPhase;
			buildActionMask = 2147483647;
			files = (
				03C54BFF252F37D30014FF4E /* App_BDE_iOSUITests.swift in Sources */,
			);
			runOnlyForDeploymentPostprocessing = 0;
		};
/* End PBXSourcesBuildPhase section */

/* Begin PBXTargetDependency section */
		03C54BF1252F37D30014FF4E /* PBXTargetDependency */ = {
			isa = PBXTargetDependency;
			target = 03C54BD8252F37D10014FF4E /* App-BDE-iOS */;
			targetProxy = 03C54BF0252F37D30014FF4E /* PBXContainerItemProxy */;
		};
		03C54BFC252F37D30014FF4E /* PBXTargetDependency */ = {
			isa = PBXTargetDependency;
			target = 03C54BD8252F37D10014FF4E /* App-BDE-iOS */;
			targetProxy = 03C54BFB252F37D30014FF4E /* PBXContainerItemProxy */;
		};
/* End PBXTargetDependency section */

/* Begin XCBuildConfiguration section */
		03C54C01252F37D30014FF4E /* Debug */ = {
			isa = XCBuildConfiguration;
			buildSettings = {
				ALWAYS_SEARCH_USER_PATHS = NO;
				CLANG_ANALYZER_NONNULL = YES;
				CLANG_ANALYZER_NUMBER_OBJECT_CONVERSION = YES_AGGRESSIVE;
				CLANG_CXX_LANGUAGE_STANDARD = "gnu++14";
				CLANG_CXX_LIBRARY = "libc++";
				CLANG_ENABLE_MODULES = YES;
				CLANG_ENABLE_OBJC_ARC = YES;
				CLANG_ENABLE_OBJC_WEAK = YES;
				CLANG_WARN_BLOCK_CAPTURE_AUTORELEASING = YES;
				CLANG_WARN_BOOL_CONVERSION = YES;
				CLANG_WARN_COMMA = YES;
				CLANG_WARN_CONSTANT_CONVERSION = YES;
				CLANG_WARN_DEPRECATED_OBJC_IMPLEMENTATIONS = YES;
				CLANG_WARN_DIRECT_OBJC_ISA_USAGE = YES_ERROR;
				CLANG_WARN_DOCUMENTATION_COMMENTS = YES;
				CLANG_WARN_EMPTY_BODY = YES;
				CLANG_WARN_ENUM_CONVERSION = YES;
				CLANG_WARN_INFINITE_RECURSION = YES;
				CLANG_WARN_INT_CONVERSION = YES;
				CLANG_WARN_NON_LITERAL_NULL_CONVERSION = YES;
				CLANG_WARN_OBJC_IMPLICIT_RETAIN_SELF = YES;
				CLANG_WARN_OBJC_LITERAL_CONVERSION = YES;
				CLANG_WARN_OBJC_ROOT_CLASS = YES_ERROR;
				CLANG_WARN_QUOTED_INCLUDE_IN_FRAMEWORK_HEADER = YES;
				CLANG_WARN_RANGE_LOOP_ANALYSIS = YES;
				CLANG_WARN_STRICT_PROTOTYPES = YES;
				CLANG_WARN_SUSPICIOUS_MOVE = YES;
				CLANG_WARN_UNGUARDED_AVAILABILITY = YES_AGGRESSIVE;
				CLANG_WARN_UNREACHABLE_CODE = YES;
				CLANG_WARN__DUPLICATE_METHOD_MATCH = YES;
				COPY_PHASE_STRIP = NO;
				DEBUG_INFORMATION_FORMAT = dwarf;
				ENABLE_STRICT_OBJC_MSGSEND = YES;
				ENABLE_TESTABILITY = YES;
				GCC_C_LANGUAGE_STANDARD = gnu11;
				GCC_DYNAMIC_NO_PIC = NO;
				GCC_NO_COMMON_BLOCKS = YES;
				GCC_OPTIMIZATION_LEVEL = 0;
				GCC_PREPROCESSOR_DEFINITIONS = (
					"DEBUG=1",
					"$(inherited)",
				);
				GCC_WARN_64_TO_32_BIT_CONVERSION = YES;
				GCC_WARN_ABOUT_RETURN_TYPE = YES_ERROR;
				GCC_WARN_UNDECLARED_SELECTOR = YES;
				GCC_WARN_UNINITIALIZED_AUTOS = YES_AGGRESSIVE;
				GCC_WARN_UNUSED_FUNCTION = YES;
				GCC_WARN_UNUSED_VARIABLE = YES;
				IPHONEOS_DEPLOYMENT_TARGET = 14.0;
				MTL_ENABLE_DEBUG_INFO = INCLUDE_SOURCE;
				MTL_FAST_MATH = YES;
				ONLY_ACTIVE_ARCH = YES;
				SDKROOT = iphoneos;
				SWIFT_ACTIVE_COMPILATION_CONDITIONS = DEBUG;
				SWIFT_OPTIMIZATION_LEVEL = "-Onone";
			};
			name = Debug;
		};
		03C54C02252F37D30014FF4E /* Release */ = {
			isa = XCBuildConfiguration;
			buildSettings = {
				ALWAYS_SEARCH_USER_PATHS = NO;
				CLANG_ANALYZER_NONNULL = YES;
				CLANG_ANALYZER_NUMBER_OBJECT_CONVERSION = YES_AGGRESSIVE;
				CLANG_CXX_LANGUAGE_STANDARD = "gnu++14";
				CLANG_CXX_LIBRARY = "libc++";
				CLANG_ENABLE_MODULES = YES;
				CLANG_ENABLE_OBJC_ARC = YES;
				CLANG_ENABLE_OBJC_WEAK = YES;
				CLANG_WARN_BLOCK_CAPTURE_AUTORELEASING = YES;
				CLANG_WARN_BOOL_CONVERSION = YES;
				CLANG_WARN_COMMA = YES;
				CLANG_WARN_CONSTANT_CONVERSION = YES;
				CLANG_WARN_DEPRECATED_OBJC_IMPLEMENTATIONS = YES;
				CLANG_WARN_DIRECT_OBJC_ISA_USAGE = YES_ERROR;
				CLANG_WARN_DOCUMENTATION_COMMENTS = YES;
				CLANG_WARN_EMPTY_BODY = YES;
				CLANG_WARN_ENUM_CONVERSION = YES;
				CLANG_WARN_INFINITE_RECURSION = YES;
				CLANG_WARN_INT_CONVERSION = YES;
				CLANG_WARN_NON_LITERAL_NULL_CONVERSION = YES;
				CLANG_WARN_OBJC_IMPLICIT_RETAIN_SELF = YES;
				CLANG_WARN_OBJC_LITERAL_CONVERSION = YES;
				CLANG_WARN_OBJC_ROOT_CLASS = YES_ERROR;
				CLANG_WARN_QUOTED_INCLUDE_IN_FRAMEWORK_HEADER = YES;
				CLANG_WARN_RANGE_LOOP_ANALYSIS = YES;
				CLANG_WARN_STRICT_PROTOTYPES = YES;
				CLANG_WARN_SUSPICIOUS_MOVE = YES;
				CLANG_WARN_UNGUARDED_AVAILABILITY = YES_AGGRESSIVE;
				CLANG_WARN_UNREACHABLE_CODE = YES;
				CLANG_WARN__DUPLICATE_METHOD_MATCH = YES;
				COPY_PHASE_STRIP = NO;
				DEBUG_INFORMATION_FORMAT = "dwarf-with-dsym";
				ENABLE_NS_ASSERTIONS = NO;
				ENABLE_STRICT_OBJC_MSGSEND = YES;
				GCC_C_LANGUAGE_STANDARD = gnu11;
				GCC_NO_COMMON_BLOCKS = YES;
				GCC_WARN_64_TO_32_BIT_CONVERSION = YES;
				GCC_WARN_ABOUT_RETURN_TYPE = YES_ERROR;
				GCC_WARN_UNDECLARED_SELECTOR = YES;
				GCC_WARN_UNINITIALIZED_AUTOS = YES_AGGRESSIVE;
				GCC_WARN_UNUSED_FUNCTION = YES;
				GCC_WARN_UNUSED_VARIABLE = YES;
				IPHONEOS_DEPLOYMENT_TARGET = 14.0;
				MTL_ENABLE_DEBUG_INFO = NO;
				MTL_FAST_MATH = YES;
				SDKROOT = iphoneos;
				SWIFT_COMPILATION_MODE = wholemodule;
				SWIFT_OPTIMIZATION_LEVEL = "-O";
				VALIDATE_PRODUCT = YES;
			};
			name = Release;
		};
		03C54C04252F37D30014FF4E /* Debug */ = {
			isa = XCBuildConfiguration;
			buildSettings = {
				ASSETCATALOG_COMPILER_APPICON_NAME = AppIcon;
				ASSETCATALOG_COMPILER_GLOBAL_ACCENT_COLOR_NAME = AccentColor;
				CODE_SIGN_IDENTITY = "iPhone Developer";
				CODE_SIGN_STYLE = Manual;
				CURRENT_PROJECT_VERSION = 8;
				DEVELOPMENT_TEAM = 94FLWD5X32;
				INFOPLIST_FILE = "App-BDE-iOS/Application/Supporting Files/Info.plist";
				LD_RUNPATH_SEARCH_PATHS = (
					"$(inherited)",
					"@executable_path/Frameworks",
				);
				PRODUCT_BUNDLE_IDENTIFIER = com.ynovlyon.bde;
				PRODUCT_NAME = "$(TARGET_NAME)";
				PROVISIONING_PROFILE_SPECIFIER = "match Development com.ynovlyon.bde";
				SWIFT_VERSION = 5.0;
				TARGETED_DEVICE_FAMILY = "1,2";
			};
			name = Debug;
		};
		03C54C05252F37D30014FF4E /* Release */ = {
			isa = XCBuildConfiguration;
			buildSettings = {
				ASSETCATALOG_COMPILER_APPICON_NAME = AppIcon;
				ASSETCATALOG_COMPILER_GLOBAL_ACCENT_COLOR_NAME = AccentColor;
				CODE_SIGN_IDENTITY = "iPhone Distribution";
				CODE_SIGN_STYLE = Manual;
				CURRENT_PROJECT_VERSION = 8;
				DEVELOPMENT_TEAM = 94FLWD5X32;
				INFOPLIST_FILE = "App-BDE-iOS/Application/Supporting Files/Info.plist";
				LD_RUNPATH_SEARCH_PATHS = (
					"$(inherited)",
					"@executable_path/Frameworks",
				);
				PRODUCT_BUNDLE_IDENTIFIER = com.ynovlyon.bde;
				PRODUCT_NAME = "$(TARGET_NAME)";
				PROVISIONING_PROFILE_SPECIFIER = "match AppStore com.ynovlyon.bde";
				SWIFT_VERSION = 5.0;
				TARGETED_DEVICE_FAMILY = "1,2";
			};
			name = Release;
		};
		03C54C07252F37D30014FF4E /* Debug */ = {
			isa = XCBuildConfiguration;
			buildSettings = {
				ALWAYS_EMBED_SWIFT_STANDARD_LIBRARIES = YES;
				BUNDLE_LOADER = "$(TEST_HOST)";
				CODE_SIGN_STYLE = Manual;
				DEVELOPMENT_TEAM = 94FLWD5X32;
				INFOPLIST_FILE = "App-BDE-iOSTests/Info.plist";
				IPHONEOS_DEPLOYMENT_TARGET = 14.0;
				LD_RUNPATH_SEARCH_PATHS = (
					"$(inherited)",
					"@executable_path/Frameworks",
					"@loader_path/Frameworks",
				);
				PRODUCT_BUNDLE_IDENTIFIER = "com.ynov.lyon.bde.App-BDE-iOSTests";
				PRODUCT_NAME = "$(TARGET_NAME)";
				SWIFT_VERSION = 5.0;
				TARGETED_DEVICE_FAMILY = "1,2";
				TEST_HOST = "$(BUILT_PRODUCTS_DIR)/App-BDE-iOS.app/App-BDE-iOS";
			};
			name = Debug;
		};
		03C54C08252F37D30014FF4E /* Release */ = {
			isa = XCBuildConfiguration;
			buildSettings = {
				ALWAYS_EMBED_SWIFT_STANDARD_LIBRARIES = YES;
				BUNDLE_LOADER = "$(TEST_HOST)";
				CODE_SIGN_STYLE = Manual;
				DEVELOPMENT_TEAM = 94FLWD5X32;
				INFOPLIST_FILE = "App-BDE-iOSTests/Info.plist";
				IPHONEOS_DEPLOYMENT_TARGET = 14.0;
				LD_RUNPATH_SEARCH_PATHS = (
					"$(inherited)",
					"@executable_path/Frameworks",
					"@loader_path/Frameworks",
				);
				PRODUCT_BUNDLE_IDENTIFIER = "com.ynov.lyon.bde.App-BDE-iOSTests";
				PRODUCT_NAME = "$(TARGET_NAME)";
				SWIFT_VERSION = 5.0;
				TARGETED_DEVICE_FAMILY = "1,2";
				TEST_HOST = "$(BUILT_PRODUCTS_DIR)/App-BDE-iOS.app/App-BDE-iOS";
			};
			name = Release;
		};
		03C54C0A252F37D30014FF4E /* Debug */ = {
			isa = XCBuildConfiguration;
			buildSettings = {
				ALWAYS_EMBED_SWIFT_STANDARD_LIBRARIES = YES;
				CODE_SIGN_STYLE = Manual;
				DEVELOPMENT_TEAM = 94FLWD5X32;
				INFOPLIST_FILE = "App-BDE-iOSUITests/Info.plist";
				LD_RUNPATH_SEARCH_PATHS = (
					"$(inherited)",
					"@executable_path/Frameworks",
					"@loader_path/Frameworks",
				);
				PRODUCT_BUNDLE_IDENTIFIER = "com.ynov.lyon.bde.App-BDE-iOSUITests";
				PRODUCT_NAME = "$(TARGET_NAME)";
				SWIFT_VERSION = 5.0;
				TARGETED_DEVICE_FAMILY = "1,2";
				TEST_TARGET_NAME = "App-BDE-iOS";
			};
			name = Debug;
		};
		03C54C0B252F37D30014FF4E /* Release */ = {
			isa = XCBuildConfiguration;
			buildSettings = {
				ALWAYS_EMBED_SWIFT_STANDARD_LIBRARIES = YES;
				CODE_SIGN_STYLE = Manual;
				DEVELOPMENT_TEAM = 94FLWD5X32;
				INFOPLIST_FILE = "App-BDE-iOSUITests/Info.plist";
				LD_RUNPATH_SEARCH_PATHS = (
					"$(inherited)",
					"@executable_path/Frameworks",
					"@loader_path/Frameworks",
				);
				PRODUCT_BUNDLE_IDENTIFIER = "com.ynov.lyon.bde.App-BDE-iOSUITests";
				PRODUCT_NAME = "$(TARGET_NAME)";
				SWIFT_VERSION = 5.0;
				TARGETED_DEVICE_FAMILY = "1,2";
				TEST_TARGET_NAME = "App-BDE-iOS";
			};
			name = Release;
		};
/* End XCBuildConfiguration section */

/* Begin XCConfigurationList section */
		03C54BD4252F37D10014FF4E /* Build configuration list for PBXProject "App-BDE-iOS" */ = {
			isa = XCConfigurationList;
			buildConfigurations = (
				03C54C01252F37D30014FF4E /* Debug */,
				03C54C02252F37D30014FF4E /* Release */,
			);
			defaultConfigurationIsVisible = 0;
			defaultConfigurationName = Release;
		};
		03C54C03252F37D30014FF4E /* Build configuration list for PBXNativeTarget "App-BDE-iOS" */ = {
			isa = XCConfigurationList;
			buildConfigurations = (
				03C54C04252F37D30014FF4E /* Debug */,
				03C54C05252F37D30014FF4E /* Release */,
			);
			defaultConfigurationIsVisible = 0;
			defaultConfigurationName = Release;
		};
		03C54C06252F37D30014FF4E /* Build configuration list for PBXNativeTarget "App-BDE-iOSTests" */ = {
			isa = XCConfigurationList;
			buildConfigurations = (
				03C54C07252F37D30014FF4E /* Debug */,
				03C54C08252F37D30014FF4E /* Release */,
			);
			defaultConfigurationIsVisible = 0;
			defaultConfigurationName = Release;
		};
		03C54C09252F37D30014FF4E /* Build configuration list for PBXNativeTarget "App-BDE-iOSUITests" */ = {
			isa = XCConfigurationList;
			buildConfigurations = (
				03C54C0A252F37D30014FF4E /* Debug */,
				03C54C0B252F37D30014FF4E /* Release */,
			);
			defaultConfigurationIsVisible = 0;
			defaultConfigurationName = Release;
		};
/* End XCConfigurationList section */

/* Begin XCRemoteSwiftPackageReference section */
		03AD8E202538BA9E009B6435 /* XCRemoteSwiftPackageReference "SnapKit" */ = {
			isa = XCRemoteSwiftPackageReference;
			repositoryURL = "https://github.com/SnapKit/SnapKit.git";
			requirement = {
				kind = upToNextMajorVersion;
				minimumVersion = 5.0.1;
			};
		};
/* End XCRemoteSwiftPackageReference section */

/* Begin XCSwiftPackageProductDependency section */
		03AD8E212538BA9E009B6435 /* SnapKit */ = {
			isa = XCSwiftPackageProductDependency;
			package = 03AD8E202538BA9E009B6435 /* XCRemoteSwiftPackageReference "SnapKit" */;
			productName = SnapKit;
		};
/* End XCSwiftPackageProductDependency section */
	};
	rootObject = 03C54BD1252F37D10014FF4E /* Project object */;
}
